
Microsoft Visual Studio Solution File, Format Version 12.00
# Visual Studio Version 17
VisualStudioVersion = 17.8.34330.188
MinimumVisualStudioVersion = 10.0.40219.1
Project("{9A19103F-16F7-4668-BE54-9A1E7A4F7556}") = "FluentBlazorAuthTest", "FluentBlazorAuthTest\FluentBlazorAuthTest.csproj", "{C71DB62A-C8A8-4212-96A6-2BFFBDBD615C}"
EndProject
Global
	GlobalSection(SolutionConfigurationPlatforms) = preSolution
		Debug|Any CPU = Debug|Any CPU
		Release|Any CPU = Release|Any CPU
	EndGlobalSection
	GlobalSection(ProjectConfigurationPlatforms) = postSolution
		{C71DB62A-C8A8-4212-96A6-2BFFBDBD615C}.Debug|Any CPU.ActiveCfg = Debug|Any CPU
		{C71DB62A-C8A8-4212-96A6-2BFFBDBD615C}.Debug|Any CPU.Build.0 = Debug|Any CPU
		{C71DB62A-C8A8-4212-96A6-2BFFBDBD615C}.Release|Any CPU.ActiveCfg = Release|Any CPU
		{C71DB62A-C8A8-4212-96A6-2BFFBDBD615C}.Release|Any CPU.Build.0 = Release|Any CPU
	EndGlobalSection
	GlobalSection(SolutionProperties) = preSolution
		HideSolutionNode = FALSE
	EndGlobalSection
	GlobalSection(ExtensibilityGlobals) = postSolution
		SolutionGuid = {8BEADBB5-D68E-4DEA-AA4D-D79EC199F2D1}
	EndGlobalSection
EndGlobal
